
Microsoft Visual Studio Solution File, Format Version 12.00
# Visual Studio Version 16
VisualStudioVersion = 16.0.30717.126
MinimumVisualStudioVersion = 10.0.40219.1
Project("{2150E333-8FDC-42A3-9474-1A3956D46DE8}") = "src", "src", "{61A37143-AECB-40D1-942A-249647BFD80E}"
EndProject
Project("{2150E333-8FDC-42A3-9474-1A3956D46DE8}") = "Building Blocks", "Building Blocks", "{30801352-E1B3-4867-9B19-7BF4176381FB}"
EndProject
Project("{2150E333-8FDC-42A3-9474-1A3956D46DE8}") = "Services", "Services", "{968B585D-D3B3-4B32-AD6B-228479AE74FA}"
EndProject
Project("{2150E333-8FDC-42A3-9474-1A3956D46DE8}") = "Web", "Web", "{B56BB478-68EF-44CE-AE40-E770F4561254}"
EndProject
Project("{2150E333-8FDC-42A3-9474-1A3956D46DE8}") = "Identidade", "Identidade", "{E5073712-7A8D-43BA-9CC0-A82388B77E59}"
EndProject
Project("{9A19103F-16F7-4668-BE54-9A1E7A4F7556}") = "NSE.Identidade.API", "src\services\NSE.Identidade.API\NSE.Identidade.API.csproj", "{A103844D-AEEB-4301-BD28-FCE914BE2A88}"
EndProject
Project("{2150E333-8FDC-42A3-9474-1A3956D46DE8}") = "MVC", "MVC", "{8596F9C0-DA03-4C2A-9B06-5DBAC8495DCD}"
EndProject
Project("{9A19103F-16F7-4668-BE54-9A1E7A4F7556}") = "NSE.WebApp.MVC", "src\web\NSE.WebApp.MVC\NSE.WebApp.MVC.csproj", "{BD49ACB1-54EF-45F2-ACD0-59F2E5A78055}"
EndProject
Project("{2150E333-8FDC-42A3-9474-1A3956D46DE8}") = "Core", "Core", "{C4CAE7E3-F7DC-433A-9E54-8F3B8E2712D8}"
EndProject
Project("{9A19103F-16F7-4668-BE54-9A1E7A4F7556}") = "NSE.Core", "src\building-blocks\NSE.Core\NSE.Core.csproj", "{0F042091-2CAA-4F51-839A-EA284FE6D64D}"
EndProject
Project("{2150E333-8FDC-42A3-9474-1A3956D46DE8}") = "Carrinho", "Carrinho", "{B3A9EF07-F539-4B0F-8F57-A39D94DD9228}"
EndProject
Project("{9A19103F-16F7-4668-BE54-9A1E7A4F7556}") = "NSE.Carrinho.API", "src\services\NSE.Carrinho.API\NSE.Carrinho.API.csproj", "{C193985F-5425-40B1-944B-3DC3D041D5DB}"
EndProject
Project("{2150E333-8FDC-42A3-9474-1A3956D46DE8}") = "Catalogo", "Catalogo", "{4AF16787-7683-48A9-9708-8FEAC1C394BC}"
EndProject
Project("{9A19103F-16F7-4668-BE54-9A1E7A4F7556}") = "NSE.Catalogo.API", "src\services\NSE.Catalogo.API\NSE.Catalogo.API.csproj", "{49EE7413-A471-4EE8-81F7-42FA1A72B951}"
EndProject
Project("{2150E333-8FDC-42A3-9474-1A3956D46DE8}") = "Cliente", "Cliente", "{01E841D4-253C-4831-8FE9-06AD15F208DC}"
EndProject
Project("{9A19103F-16F7-4668-BE54-9A1E7A4F7556}") = "NSE.Cliente.API", "src\services\NSE.Cliente.API\NSE.Cliente.API.csproj", "{A9C26E3D-0A62-4E99-A6E7-80D01C21C250}"
EndProject
Project("{2150E333-8FDC-42A3-9474-1A3956D46DE8}") = "Pagamento", "Pagamento", "{677FC417-DA00-4371-A64D-04EE44AF2B6A}"
EndProject
Project("{9A19103F-16F7-4668-BE54-9A1E7A4F7556}") = "NSE.Pagamento.API", "src\services\NSE.Pagamento.API\NSE.Pagamento.API.csproj", "{C394EBB0-F042-4263-B3E8-70A0C964B3FD}"
EndProject
Project("{2150E333-8FDC-42A3-9474-1A3956D46DE8}") = "Pedido", "Pedido", "{E2B7730C-83E6-4CFE-8CEF-8B73253D7B66}"
EndProject
Project("{9A19103F-16F7-4668-BE54-9A1E7A4F7556}") = "NSE.Pedido.API", "src\services\NSE.Pedido.API\NSE.Pedido.API.csproj", "{3B2B98FE-5617-47B2-8E1D-297BACBAD18B}"
EndProject
Project("{2150E333-8FDC-42A3-9474-1A3956D46DE8}") = "Services", "Services", "{748BB762-3446-44D4-BABD-6D48EC324D52}"
EndProject
Project("{9A19103F-16F7-4668-BE54-9A1E7A4F7556}") = "NSE.WebAPI.Core", "src\building-blocks\NSE.WebAPI.Core\NSE.WebAPI.Core.csproj", "{7DC631BD-8321-45AF-8578-D4C19468DEE5}"
EndProject
Project("{2150E333-8FDC-42A3-9474-1A3956D46DE8}") = "MessageBus", "MessageBus", "{B23A363F-7977-46DB-B1AE-B3A5BB4BAF4F}"
EndProject
Project("{9A19103F-16F7-4668-BE54-9A1E7A4F7556}") = "NSE.MessageBus", "src\building-blocks\NSE.MessageBus\NSE.MessageBus.csproj", "{AB7C4734-A156-4030-8F59-2397B3605496}"
EndProject
Project("{2150E333-8FDC-42A3-9474-1A3956D46DE8}") = "ApiGateways", "ApiGateways", "{F3792603-A2E4-44B2-B58C-3F042DC788E8}"
EndProject
Project("{2150E333-8FDC-42A3-9474-1A3956D46DE8}") = "Compras", "Compras", "{FD6DC54C-6C10-40CD-84AA-75C926ED4969}"
EndProject
Project("{FAE04EC0-301F-11D3-BF4B-00C04F79EFBC}") = "NSE.Bff.Compras", "src\api-gateways\NSE.Bff.Compras\NSE.Bff.Compras.csproj", "{037A37A8-6647-4D9A-9C3A-2C732B8936B6}"
EndProject
Project("{FAE04EC0-301F-11D3-BF4B-00C04F79EFBC}") = "NSE.Pedidos.Domain", "src\services\NSE.Pedidos.Domain\NSE.Pedidos.Domain.csproj", "{7BBFB305-A564-42C8-A19E-077F7B013DAE}"
EndProject
Project("{FAE04EC0-301F-11D3-BF4B-00C04F79EFBC}") = "NSE.Pedidos.Infra", "src\services\NSE.Pedidos.Infra\NSE.Pedidos.Infra.csproj", "{ACB99532-664E-482C-94B5-E6A80ADC2C3F}"
EndProject
Global
	GlobalSection(SolutionConfigurationPlatforms) = preSolution
		Debug|Any CPU = Debug|Any CPU
		Release|Any CPU = Release|Any CPU
	EndGlobalSection
	GlobalSection(ProjectConfigurationPlatforms) = postSolution
		{A103844D-AEEB-4301-BD28-FCE914BE2A88}.Debug|Any CPU.ActiveCfg = Debug|Any CPU
		{A103844D-AEEB-4301-BD28-FCE914BE2A88}.Debug|Any CPU.Build.0 = Debug|Any CPU
		{A103844D-AEEB-4301-BD28-FCE914BE2A88}.Release|Any CPU.ActiveCfg = Release|Any CPU
		{A103844D-AEEB-4301-BD28-FCE914BE2A88}.Release|Any CPU.Build.0 = Release|Any CPU
		{BD49ACB1-54EF-45F2-ACD0-59F2E5A78055}.Debug|Any CPU.ActiveCfg = Debug|Any CPU
		{BD49ACB1-54EF-45F2-ACD0-59F2E5A78055}.Debug|Any CPU.Build.0 = Debug|Any CPU
		{BD49ACB1-54EF-45F2-ACD0-59F2E5A78055}.Release|Any CPU.ActiveCfg = Release|Any CPU
		{BD49ACB1-54EF-45F2-ACD0-59F2E5A78055}.Release|Any CPU.Build.0 = Release|Any CPU
		{0F042091-2CAA-4F51-839A-EA284FE6D64D}.Debug|Any CPU.ActiveCfg = Debug|Any CPU
		{0F042091-2CAA-4F51-839A-EA284FE6D64D}.Debug|Any CPU.Build.0 = Debug|Any CPU
		{0F042091-2CAA-4F51-839A-EA284FE6D64D}.Release|Any CPU.ActiveCfg = Release|Any CPU
		{0F042091-2CAA-4F51-839A-EA284FE6D64D}.Release|Any CPU.Build.0 = Release|Any CPU
		{C193985F-5425-40B1-944B-3DC3D041D5DB}.Debug|Any CPU.ActiveCfg = Debug|Any CPU
		{C193985F-5425-40B1-944B-3DC3D041D5DB}.Debug|Any CPU.Build.0 = Debug|Any CPU
		{C193985F-5425-40B1-944B-3DC3D041D5DB}.Release|Any CPU.ActiveCfg = Release|Any CPU
		{C193985F-5425-40B1-944B-3DC3D041D5DB}.Release|Any CPU.Build.0 = Release|Any CPU
		{49EE7413-A471-4EE8-81F7-42FA1A72B951}.Debug|Any CPU.ActiveCfg = Debug|Any CPU
		{49EE7413-A471-4EE8-81F7-42FA1A72B951}.Debug|Any CPU.Build.0 = Debug|Any CPU
		{49EE7413-A471-4EE8-81F7-42FA1A72B951}.Release|Any CPU.ActiveCfg = Release|Any CPU
		{49EE7413-A471-4EE8-81F7-42FA1A72B951}.Release|Any CPU.Build.0 = Release|Any CPU
		{A9C26E3D-0A62-4E99-A6E7-80D01C21C250}.Debug|Any CPU.ActiveCfg = Debug|Any CPU
		{A9C26E3D-0A62-4E99-A6E7-80D01C21C250}.Debug|Any CPU.Build.0 = Debug|Any CPU
		{A9C26E3D-0A62-4E99-A6E7-80D01C21C250}.Release|Any CPU.ActiveCfg = Release|Any CPU
		{A9C26E3D-0A62-4E99-A6E7-80D01C21C250}.Release|Any CPU.Build.0 = Release|Any CPU
		{C394EBB0-F042-4263-B3E8-70A0C964B3FD}.Debug|Any CPU.ActiveCfg = Debug|Any CPU
		{C394EBB0-F042-4263-B3E8-70A0C964B3FD}.Debug|Any CPU.Build.0 = Debug|Any CPU
		{C394EBB0-F042-4263-B3E8-70A0C964B3FD}.Release|Any CPU.ActiveCfg = Release|Any CPU
		{C394EBB0-F042-4263-B3E8-70A0C964B3FD}.Release|Any CPU.Build.0 = Release|Any CPU
		{3B2B98FE-5617-47B2-8E1D-297BACBAD18B}.Debug|Any CPU.ActiveCfg = Debug|Any CPU
		{3B2B98FE-5617-47B2-8E1D-297BACBAD18B}.Debug|Any CPU.Build.0 = Debug|Any CPU
		{3B2B98FE-5617-47B2-8E1D-297BACBAD18B}.Release|Any CPU.ActiveCfg = Release|Any CPU
		{3B2B98FE-5617-47B2-8E1D-297BACBAD18B}.Release|Any CPU.Build.0 = Release|Any CPU
		{7DC631BD-8321-45AF-8578-D4C19468DEE5}.Debug|Any CPU.ActiveCfg = Debug|Any CPU
		{7DC631BD-8321-45AF-8578-D4C19468DEE5}.Debug|Any CPU.Build.0 = Debug|Any CPU
		{7DC631BD-8321-45AF-8578-D4C19468DEE5}.Release|Any CPU.ActiveCfg = Release|Any CPU
		{7DC631BD-8321-45AF-8578-D4C19468DEE5}.Release|Any CPU.Build.0 = Release|Any CPU
		{AB7C4734-A156-4030-8F59-2397B3605496}.Debug|Any CPU.ActiveCfg = Debug|Any CPU
		{AB7C4734-A156-4030-8F59-2397B3605496}.Debug|Any CPU.Build.0 = Debug|Any CPU
		{AB7C4734-A156-4030-8F59-2397B3605496}.Release|Any CPU.ActiveCfg = Release|Any CPU
		{AB7C4734-A156-4030-8F59-2397B3605496}.Release|Any CPU.Build.0 = Release|Any CPU
		{037A37A8-6647-4D9A-9C3A-2C732B8936B6}.Debug|Any CPU.ActiveCfg = Debug|Any CPU
		{037A37A8-6647-4D9A-9C3A-2C732B8936B6}.Debug|Any CPU.Build.0 = Debug|Any CPU
		{037A37A8-6647-4D9A-9C3A-2C732B8936B6}.Release|Any CPU.ActiveCfg = Release|Any CPU
		{037A37A8-6647-4D9A-9C3A-2C732B8936B6}.Release|Any CPU.Build.0 = Release|Any CPU
		{7BBFB305-A564-42C8-A19E-077F7B013DAE}.Debug|Any CPU.ActiveCfg = Debug|Any CPU
		{7BBFB305-A564-42C8-A19E-077F7B013DAE}.Debug|Any CPU.Build.0 = Debug|Any CPU
		{7BBFB305-A564-42C8-A19E-077F7B013DAE}.Release|Any CPU.ActiveCfg = Release|Any CPU
		{7BBFB305-A564-42C8-A19E-077F7B013DAE}.Release|Any CPU.Build.0 = Release|Any CPU
		{ACB99532-664E-482C-94B5-E6A80ADC2C3F}.Debug|Any CPU.ActiveCfg = Debug|Any CPU
		{ACB99532-664E-482C-94B5-E6A80ADC2C3F}.Debug|Any CPU.Build.0 = Debug|Any CPU
		{ACB99532-664E-482C-94B5-E6A80ADC2C3F}.Release|Any CPU.ActiveCfg = Release|Any CPU
		{ACB99532-664E-482C-94B5-E6A80ADC2C3F}.Release|Any CPU.Build.0 = Release|Any CPU
	EndGlobalSection
	GlobalSection(SolutionProperties) = preSolution
		HideSolutionNode = FALSE
	EndGlobalSection
	GlobalSection(NestedProjects) = preSolution
		{30801352-E1B3-4867-9B19-7BF4176381FB} = {61A37143-AECB-40D1-942A-249647BFD80E}
		{968B585D-D3B3-4B32-AD6B-228479AE74FA} = {61A37143-AECB-40D1-942A-249647BFD80E}
		{B56BB478-68EF-44CE-AE40-E770F4561254} = {61A37143-AECB-40D1-942A-249647BFD80E}
		{E5073712-7A8D-43BA-9CC0-A82388B77E59} = {968B585D-D3B3-4B32-AD6B-228479AE74FA}
		{A103844D-AEEB-4301-BD28-FCE914BE2A88} = {E5073712-7A8D-43BA-9CC0-A82388B77E59}
		{8596F9C0-DA03-4C2A-9B06-5DBAC8495DCD} = {B56BB478-68EF-44CE-AE40-E770F4561254}
		{BD49ACB1-54EF-45F2-ACD0-59F2E5A78055} = {8596F9C0-DA03-4C2A-9B06-5DBAC8495DCD}
		{C4CAE7E3-F7DC-433A-9E54-8F3B8E2712D8} = {30801352-E1B3-4867-9B19-7BF4176381FB}
		{0F042091-2CAA-4F51-839A-EA284FE6D64D} = {C4CAE7E3-F7DC-433A-9E54-8F3B8E2712D8}
		{B3A9EF07-F539-4B0F-8F57-A39D94DD9228} = {968B585D-D3B3-4B32-AD6B-228479AE74FA}
		{C193985F-5425-40B1-944B-3DC3D041D5DB} = {B3A9EF07-F539-4B0F-8F57-A39D94DD9228}
		{4AF16787-7683-48A9-9708-8FEAC1C394BC} = {968B585D-D3B3-4B32-AD6B-228479AE74FA}
		{49EE7413-A471-4EE8-81F7-42FA1A72B951} = {4AF16787-7683-48A9-9708-8FEAC1C394BC}
		{01E841D4-253C-4831-8FE9-06AD15F208DC} = {968B585D-D3B3-4B32-AD6B-228479AE74FA}
		{A9C26E3D-0A62-4E99-A6E7-80D01C21C250} = {01E841D4-253C-4831-8FE9-06AD15F208DC}
		{677FC417-DA00-4371-A64D-04EE44AF2B6A} = {968B585D-D3B3-4B32-AD6B-228479AE74FA}
		{C394EBB0-F042-4263-B3E8-70A0C964B3FD} = {677FC417-DA00-4371-A64D-04EE44AF2B6A}
		{E2B7730C-83E6-4CFE-8CEF-8B73253D7B66} = {968B585D-D3B3-4B32-AD6B-228479AE74FA}
		{3B2B98FE-5617-47B2-8E1D-297BACBAD18B} = {E2B7730C-83E6-4CFE-8CEF-8B73253D7B66}
		{748BB762-3446-44D4-BABD-6D48EC324D52} = {30801352-E1B3-4867-9B19-7BF4176381FB}
		{7DC631BD-8321-45AF-8578-D4C19468DEE5} = {748BB762-3446-44D4-BABD-6D48EC324D52}
		{B23A363F-7977-46DB-B1AE-B3A5BB4BAF4F} = {30801352-E1B3-4867-9B19-7BF4176381FB}
		{AB7C4734-A156-4030-8F59-2397B3605496} = {B23A363F-7977-46DB-B1AE-B3A5BB4BAF4F}
		{F3792603-A2E4-44B2-B58C-3F042DC788E8} = {61A37143-AECB-40D1-942A-249647BFD80E}
		{FD6DC54C-6C10-40CD-84AA-75C926ED4969} = {F3792603-A2E4-44B2-B58C-3F042DC788E8}
		{037A37A8-6647-4D9A-9C3A-2C732B8936B6} = {FD6DC54C-6C10-40CD-84AA-75C926ED4969}
		{7BBFB305-A564-42C8-A19E-077F7B013DAE} = {E2B7730C-83E6-4CFE-8CEF-8B73253D7B66}
		{ACB99532-664E-482C-94B5-E6A80ADC2C3F} = {E2B7730C-83E6-4CFE-8CEF-8B73253D7B66}
	EndGlobalSection
	GlobalSection(ExtensibilityGlobals) = postSolution
		SolutionGuid = {7FD6D7B3-4957-4AC2-952A-EDCEB7555917}
	EndGlobalSection
EndGlobal
